{
    "_meta": {
        "hash": {
            "sha256": "86107b78ee1d04fddfebaab5f5ec1348a335442f0bd9dccea53b5eb4de12b4ff"
        },
        "pipfile-spec": 6,
        "requires": {
            "python_version": "3.6"
        },
        "sources": [
            {
                "name": "pypi",
                "url": "https://pypi.org/simple",
                "verify_ssl": true
            }
        ]
    },
    "default": {
        "django": {
            "hashes": [
                "sha256:148a4a2d1a85b23883b0a4e99ab7718f518a83675e4485e44dc0c1d36988c5fa",
                "sha256:deb70aa038e59b58593673b15e9a711d1e5ccd941b5973b30750d5d026abfd56"
            ],
            "index": "pypi",
            "version": "==2.2.5"
        },
        "django-ckeditor": {
            "hashes": [
                "sha256:ce0c806e40172dbea35330a207632701a6d418314ae8c8fa140fd277d9322c96",
                "sha256:e1580105c9ff6fcaca6345acda1dc01416733027c61c6387e02dd5960b8ade3c"
            ],
            "index": "pypi",
            "version": "==6.3.2"
        },
        "django-ckeditor-5": {
            "hashes": [
                "sha256:49c76f664d630ec512cc4153fde01349942bdba0f118a6ff01a504bab83e6f18",
                "sha256:57021d3ba86336f9a92d10a5e065931e4b698f8e11b929e95773e81b328d6b53"
            ],
            "index": "pypi",
            "version": "==0.0.16"
        },
        "django-cleanup": {
            "hashes": [
                "sha256:922e06ef8839c92bd3ab37a84db6058b8764f3fe44dbb4487bbca941d288280a",
                "sha256:997feab3b1f7a2e84f71c29e83b1d664459ec0d4b1924977b1fa25b5babb8703"
            ],
            "index": "pypi",
            "version": "==6.0.0"
        },
        "django-dotenv": {
            "hashes": [
                "sha256:3812bb0f4876cf31f902aad140f0645e120e51ee30eb7c40c22050f58a0e4adb",
                "sha256:a9b1b40a70bd321acd231926acedb9bd2c5e873e33a1873b34a7276d196a765e"
            ],
            "index": "pypi",
            "version": "==1.4.2"
        },
        "django-js-asset": {
            "hashes": [
                "sha256:86f9f300d682537ddaf0487dc2ab356581b8f50c069bdba91d334a46e449f923",
                "sha256:adc1ee1efa853fad42054b540c02205344bb406c9bddf87c9e5377a41b7db90f"
            ],
            "markers": "python_version >= '3.6'",
            "version": "==2.0.0"
        },
        "django-seed": {
            "hashes": [
                "sha256:93e65d2c10449c464b83e9031be02763ec10e786aa064d649c4dd5ad06fa0eea"
            ],
            "index": "pypi",
            "version": "==0.3.1"
        },
        "faker": {
            "hashes": [
                "sha256:2a9716f2c409224121144f0d2fdc7105e978e2e266deb4d8216061d9668951fc",
                "sha256:2d4139254c1cc69f2b5203f4a9aaab33a9e65f7994059856300ef6e21ac93f39"
            ],
            "markers": "python_version >= '3.6'",
            "version": "==13.4.0"
        },
        "gulp": {
            "hashes": [
                "sha256:8bf974da4979cf2d1285551e2fcfa7151dcd94aa22ba5fbfdab63ae2820f1fe8"
            ],
            "index": "pypi",
            "version": "==0.1.0"
        },
        "python-dateutil": {
            "hashes": [
                "sha256:0123cacc1627ae19ddf3c27a5de5bd67ee4586fbdd6440d9748f8abb483d3e86",
                "sha256:961d03dc3453ebbc59dbdea9e4e11c5651520a876d0f4db161e8674aae935da9"
            ],
            "markers": "python_version >= '2.7' and python_version not in '3.0, 3.1, 3.2, 3.3'",
            "version": "==2.8.2"
        },
        "pytz": {
            "hashes": [
                "sha256:1e760e2fe6a8163bc0b3d9a19c4f84342afa0a2affebfaa84b01b978a02ecaa7",
                "sha256:e68985985296d9a66a881eb3193b0906246245294a881e7c8afe623866ac6a5c"
            ],
            "version": "==2022.1"
        },
        "six": {
            "hashes": [
                "sha256:1e61c37477a1626458e36f7b1d82aa5c9b094fa4802892072e49de9c60c4c926",
                "sha256:8abb2f1d86890a2dfb989f9a77cfcfd3e47c2a354b01111771326f8aa26e0254"
            ],
            "markers": "python_version >= '2.7' and python_version not in '3.0, 3.1, 3.2, 3.3'",
            "version": "==1.16.0"
        },
        "sqlparse": {
            "hashes": [
                "sha256:0c00730c74263a94e5a9919ade150dfc3b19c574389985446148402998287dae",
                "sha256:48719e356bb8b42991bdbb1e8b83223757b93789c00910a616a071910ca4a64d"
            ],
            "markers": "python_version >= '3.5'",
            "version": "==0.4.2"
        },
        "toposort": {
            "hashes": [
                "sha256:8ed8e109e96ae30bf66da2d2155e4eb9989d9c5c743c837e37d9774a4eddd804",
                "sha256:ddc2182c42912a440511bd7ff5d3e6a1cabc3accbc674a3258c8c41cbfbb2125"
            ],
            "version": "==1.7"
        },
        "typing-extensions": {
            "hashes": [
                "sha256:1a9462dcc3347a79b1f1c0271fbe79e844580bb598bafa1ed208b94da3cdcd42",
                "sha256:21c85e0fe4b9a155d0799430b0ad741cdce7e359660ccbd8b530613e8df88ce2"
            ],
            "markers": "python_version < '3.8'",
            "version": "==4.1.1"
        }
    },
    "develop": {}
}
