{
    "_meta": {
        "hash": {
            "sha256": "24968d50d90bfaa8fb93f365eb3c79a69bb179fdb0649fa9209ee16f6b9ea6e8"
        },
        "pipfile-spec": 6,
        "requires": {
            "python_version": "3.6"
        },
        "sources": [
            {
                "name": "pypi",
                "url": "https://pypi.org/simple",
                "verify_ssl": true
            }
        ]
    },
    "default": {
        "django": {
            "hashes": [
                "sha256:148a4a2d1a85b23883b0a4e99ab7718f518a83675e4485e44dc0c1d36988c5fa",
                "sha256:deb70aa038e59b58593673b15e9a711d1e5ccd941b5973b30750d5d026abfd56"
            ],
            "index": "pypi",
            "version": "==2.2.5"
        },
        "django-ckeditor": {
            "hashes": [
                "sha256:9f66420907e41f5b4e698fa5671a00a86995776735f2c4696174aed4640fcbd8",
                "sha256:df64dc9e62790ef824f609605d31be847bdbce1cc7aa94e49bd5ca60d7aa79bb"
            ],
            "index": "pypi",
            "version": "==6.2.0"
        },
        "django-cleanup": {
            "hashes": [
                "sha256:193cf69de54b9fc0a0f4547edbb3a63bbe01728cb029f9f4b7912098cc1bced7",
                "sha256:909d10ff574f5ce1a40fa63bd5c94c9ed866fd7ae770994c46cdf66c3db3e846"
            ],
            "index": "pypi",
            "version": "==5.2.0"
        },
        "django-dotenv": {
            "hashes": [
                "sha256:3812bb0f4876cf31f902aad140f0645e120e51ee30eb7c40c22050f58a0e4adb",
                "sha256:a9b1b40a70bd321acd231926acedb9bd2c5e873e33a1873b34a7276d196a765e"
            ],
            "index": "pypi",
            "version": "==1.4.2"
        },
        "django-js-asset": {
            "hashes": [
                "sha256:8ec12017f26eec524cab436c64ae73033368a372970af4cf42d9354fcb166bdd",
                "sha256:c163ae80d2e0b22d8fb598047cd0dcef31f81830e127cfecae278ad574167260"
            ],
            "version": "==1.2.2"
        },
        "django-seed": {
            "hashes": [
                "sha256:93e65d2c10449c464b83e9031be02763ec10e786aa064d649c4dd5ad06fa0eea"
            ],
            "index": "pypi",
            "version": "==0.3.1"
        },
        "faker": {
            "hashes": [
                "sha256:89c359e153f6a27820ff1d491e851018064dd65731f7894e226f93e2aa980655",
                "sha256:ee29deb5174a8bd2e3a1be2f43d9505201d267d383a97ebc67715d12bb386e47"
            ],
            "markers": "python_version >= '3.6'",
            "version": "==11.1.0"
        },
        "python-dateutil": {
            "hashes": [
                "sha256:0123cacc1627ae19ddf3c27a5de5bd67ee4586fbdd6440d9748f8abb483d3e86",
                "sha256:961d03dc3453ebbc59dbdea9e4e11c5651520a876d0f4db161e8674aae935da9"
            ],
            "markers": "python_version >= '2.7' and python_version not in '3.0, 3.1, 3.2, 3.3'",
            "version": "==2.8.2"
        },
        "pytz": {
            "hashes": [
                "sha256:3672058bc3453457b622aab7a1c3bfd5ab0bdae451512f6cf25f64ed37f5b87c",
                "sha256:acad2d8b20a1af07d4e4c9d2e9285c5ed9104354062f275f3fcd88dcef4f1326"
            ],
            "version": "==2021.3"
        },
        "six": {
            "hashes": [
                "sha256:1e61c37477a1626458e36f7b1d82aa5c9b094fa4802892072e49de9c60c4c926",
                "sha256:8abb2f1d86890a2dfb989f9a77cfcfd3e47c2a354b01111771326f8aa26e0254"
            ],
            "markers": "python_version >= '2.7' and python_version not in '3.0, 3.1, 3.2, 3.3'",
            "version": "==1.16.0"
        },
        "sqlparse": {
            "hashes": [
                "sha256:0c00730c74263a94e5a9919ade150dfc3b19c574389985446148402998287dae",
                "sha256:48719e356bb8b42991bdbb1e8b83223757b93789c00910a616a071910ca4a64d"
            ],
            "markers": "python_version >= '3.5'",
            "version": "==0.4.2"
        },
        "text-unidecode": {
            "hashes": [
                "sha256:1311f10e8b895935241623731c2ba64f4c455287888b18189350b67134a822e8",
                "sha256:bad6603bb14d279193107714b288be206cac565dfa49aa5b105294dd5c4aab93"
            ],
            "version": "==1.3"
        },
        "toposort": {
            "hashes": [
                "sha256:8ed8e109e96ae30bf66da2d2155e4eb9989d9c5c743c837e37d9774a4eddd804",
                "sha256:ddc2182c42912a440511bd7ff5d3e6a1cabc3accbc674a3258c8c41cbfbb2125"
            ],
            "version": "==1.7"
        },
        "typing-extensions": {
            "hashes": [
                "sha256:4ca091dea149f945ec56afb48dae714f21e8692ef22a395223bcd328961b6a0e",
                "sha256:7f001e5ac290a0c0401508864c7ec868be4e701886d5b573a9528ed3973d9d3b"
            ],
            "markers": "python_version < '3.8'",
            "version": "==4.0.1"
        }
    },
    "develop": {}
}
